
Microsoft Visual Studio Solution File, Format Version 12.00
# Visual Studio Version 16
VisualStudioVersion = 16.0.31129.286
MinimumVisualStudioVersion = 10.0.40219.1
Project("{FAE04EC0-301F-11D3-BF4B-00C04F79EFBC}") = "ConsoleApp7", "ConsoleApp7.csproj", "{4556C552-FEF3-4EA8-B697-C6F4BF05C4CC}"
EndProject
Global
	GlobalSection(SolutionConfigurationPlatforms) = preSolution
		Debug|Any CPU = Debug|Any CPU
		Release|Any CPU = Release|Any CPU
	EndGlobalSection
	GlobalSection(ProjectConfigurationPlatforms) = postSolution
		{4556C552-FEF3-4EA8-B697-C6F4BF05C4CC}.Debug|Any CPU.ActiveCfg = Debug|Any CPU
		{4556C552-FEF3-4EA8-B697-C6F4BF05C4CC}.Debug|Any CPU.Build.0 = Debug|Any CPU
		{4556C552-FEF3-4EA8-B697-C6F4BF05C4CC}.Release|Any CPU.ActiveCfg = Release|Any CPU
		{4556C552-FEF3-4EA8-B697-C6F4BF05C4CC}.Release|Any CPU.Build.0 = Release|Any CPU
	EndGlobalSection
	GlobalSection(SolutionProperties) = preSolution
		HideSolutionNode = FALSE
	EndGlobalSection
	GlobalSection(ExtensibilityGlobals) = postSolution
		SolutionGuid = {48A3B1CB-EDA9-4F73-84BE-731A9C4CAE46}
	EndGlobalSection
EndGlobal
