
Microsoft Visual Studio Solution File, Format Version 12.00
# Visual Studio Version 16
VisualStudioVersion = 16.0.31129.286
MinimumVisualStudioVersion = 10.0.40219.1
Project("{FAE04EC0-301F-11D3-BF4B-00C04F79EFBC}") = "ConsoleApp4", "ConsoleApp4.csproj", "{9DC660DB-521D-4680-847C-AD22A9B7F2F2}"
EndProject
Global
	GlobalSection(SolutionConfigurationPlatforms) = preSolution
		Debug|Any CPU = Debug|Any CPU
		Release|Any CPU = Release|Any CPU
	EndGlobalSection
	GlobalSection(ProjectConfigurationPlatforms) = postSolution
		{9DC660DB-521D-4680-847C-AD22A9B7F2F2}.Debug|Any CPU.ActiveCfg = Debug|Any CPU
		{9DC660DB-521D-4680-847C-AD22A9B7F2F2}.Debug|Any CPU.Build.0 = Debug|Any CPU
		{9DC660DB-521D-4680-847C-AD22A9B7F2F2}.Release|Any CPU.ActiveCfg = Release|Any CPU
		{9DC660DB-521D-4680-847C-AD22A9B7F2F2}.Release|Any CPU.Build.0 = Release|Any CPU
	EndGlobalSection
	GlobalSection(SolutionProperties) = preSolution
		HideSolutionNode = FALSE
	EndGlobalSection
	GlobalSection(ExtensibilityGlobals) = postSolution
		SolutionGuid = {0335BFA8-6EA4-46B5-8A04-560D01658D0B}
	EndGlobalSection
EndGlobal
